
Microsoft Visual Studio Solution File, Format Version 12.00
# Visual Studio Version 17
VisualStudioVersion = 17.4.33205.214
MinimumVisualStudioVersion = 10.0.40219.1
Project("{9A19103F-16F7-4668-BE54-9A1E7A4F7556}") = "MagicVilla_VillaAPI", "MagicVilla_VillaAPI\MagicVilla_VillaAPI.csproj", "{4FA3B079-EE7D-4A94-8D49-DC923019D2D9}"
EndProject
Global
	GlobalSection(SolutionConfigurationPlatforms) = preSolution
		Debug|Any CPU = Debug|Any CPU
		Release|Any CPU = Release|Any CPU
	EndGlobalSection
	GlobalSection(ProjectConfigurationPlatforms) = postSolution
		{4FA3B079-EE7D-4A94-8D49-DC923019D2D9}.Debug|Any CPU.ActiveCfg = Debug|Any CPU
		{4FA3B079-EE7D-4A94-8D49-DC923019D2D9}.Debug|Any CPU.Build.0 = Debug|Any CPU
		{4FA3B079-EE7D-4A94-8D49-DC923019D2D9}.Release|Any CPU.ActiveCfg = Release|Any CPU
		{4FA3B079-EE7D-4A94-8D49-DC923019D2D9}.Release|Any CPU.Build.0 = Release|Any CPU
	EndGlobalSection
	GlobalSection(SolutionProperties) = preSolution
		HideSolutionNode = FALSE
	EndGlobalSection
	GlobalSection(ExtensibilityGlobals) = postSolution
		SolutionGuid = {C379A074-0806-46D3-9B10-09D505D7A1EF}
	EndGlobalSection
EndGlobal
